
Microsoft Visual Studio Solution File, Format Version 12.00
# Visual Studio 15
VisualStudioVersion = 15.0.27703.2000
MinimumVisualStudioVersion = 10.0.40219.1
Project("{FAE04EC0-301F-11D3-BF4B-00C04F79EFBC}") = "XamarinGradientButtonTest.iOS", "XamarinGradientButtonTest\XamarinGradientButtonTest.iOS\XamarinGradientButtonTest.iOS.csproj", "{E5EBE1AF-1ED6-4EB4-B726-4C4B8BE0BDEC}"
EndProject
Project("{FAE04EC0-301F-11D3-BF4B-00C04F79EFBC}") = "XamarinGradientButtonTest.UWP", "XamarinGradientButtonTest\XamarinGradientButtonTest.UWP\XamarinGradientButtonTest.UWP.csproj", "{240C9C20-B11F-49B0-8C51-DA215022E7E6}"
EndProject
Project("{FAE04EC0-301F-11D3-BF4B-00C04F79EFBC}") = "XamarinGradientButtonTest", "XamarinGradientButtonTest\XamarinGradientButtonTest\XamarinGradientButtonTest.csproj", "{6D2EE858-5781-4E83-84EB-B29EBFBEDBE9}"
EndProject
Global
	GlobalSection(SolutionConfigurationPlatforms) = preSolution
		Ad-Hoc|Any CPU = Ad-Hoc|Any CPU
		Ad-Hoc|ARM = Ad-Hoc|ARM
		Ad-Hoc|iPhone = Ad-Hoc|iPhone
		Ad-Hoc|iPhoneSimulator = Ad-Hoc|iPhoneSimulator
		Ad-Hoc|x64 = Ad-Hoc|x64
		Ad-Hoc|x86 = Ad-Hoc|x86
		AppStore|Any CPU = AppStore|Any CPU
		AppStore|ARM = AppStore|ARM
		AppStore|iPhone = AppStore|iPhone
		AppStore|iPhoneSimulator = AppStore|iPhoneSimulator
		AppStore|x64 = AppStore|x64
		AppStore|x86 = AppStore|x86
		Debug|Any CPU = Debug|Any CPU
		Debug|ARM = Debug|ARM
		Debug|iPhone = Debug|iPhone
		Debug|iPhoneSimulator = Debug|iPhoneSimulator
		Debug|x64 = Debug|x64
		Debug|x86 = Debug|x86
		Release|Any CPU = Release|Any CPU
		Release|ARM = Release|ARM
		Release|iPhone = Release|iPhone
		Release|iPhoneSimulator = Release|iPhoneSimulator
		Release|x64 = Release|x64
		Release|x86 = Release|x86
	EndGlobalSection
	GlobalSection(ProjectConfigurationPlatforms) = postSolution
		{E5EBE1AF-1ED6-4EB4-B726-4C4B8BE0BDEC}.Ad-Hoc|Any CPU.ActiveCfg = Ad-Hoc|iPhone
		{E5EBE1AF-1ED6-4EB4-B726-4C4B8BE0BDEC}.Ad-Hoc|Any CPU.Build.0 = Ad-Hoc|iPhone
		{E5EBE1AF-1ED6-4EB4-B726-4C4B8BE0BDEC}.Ad-Hoc|Any CPU.Deploy.0 = Ad-Hoc|iPhone
		{E5EBE1AF-1ED6-4EB4-B726-4C4B8BE0BDEC}.Ad-Hoc|ARM.ActiveCfg = Ad-Hoc|iPhone
		{E5EBE1AF-1ED6-4EB4-B726-4C4B8BE0BDEC}.Ad-Hoc|ARM.Build.0 = Ad-Hoc|iPhone
		{E5EBE1AF-1ED6-4EB4-B726-4C4B8BE0BDEC}.Ad-Hoc|ARM.Deploy.0 = Ad-Hoc|iPhone
		{E5EBE1AF-1ED6-4EB4-B726-4C4B8BE0BDEC}.Ad-Hoc|iPhone.ActiveCfg = Ad-Hoc|iPhone
		{E5EBE1AF-1ED6-4EB4-B726-4C4B8BE0BDEC}.Ad-Hoc|iPhone.Build.0 = Ad-Hoc|iPhone
		{E5EBE1AF-1ED6-4EB4-B726-4C4B8BE0BDEC}.Ad-Hoc|iPhone.Deploy.0 = Ad-Hoc|iPhone
		{E5EBE1AF-1ED6-4EB4-B726-4C4B8BE0BDEC}.Ad-Hoc|iPhoneSimulator.ActiveCfg = Ad-Hoc|iPhoneSimulator
		{E5EBE1AF-1ED6-4EB4-B726-4C4B8BE0BDEC}.Ad-Hoc|iPhoneSimulator.Build.0 = Ad-Hoc|iPhoneSimulator
		{E5EBE1AF-1ED6-4EB4-B726-4C4B8BE0BDEC}.Ad-Hoc|iPhoneSimulator.Deploy.0 = Ad-Hoc|iPhoneSimulator
		{E5EBE1AF-1ED6-4EB4-B726-4C4B8BE0BDEC}.Ad-Hoc|x64.ActiveCfg = Ad-Hoc|iPhone
		{E5EBE1AF-1ED6-4EB4-B726-4C4B8BE0BDEC}.Ad-Hoc|x64.Build.0 = Ad-Hoc|iPhone
		{E5EBE1AF-1ED6-4EB4-B726-4C4B8BE0BDEC}.Ad-Hoc|x64.Deploy.0 = Ad-Hoc|iPhone
		{E5EBE1AF-1ED6-4EB4-B726-4C4B8BE0BDEC}.Ad-Hoc|x86.ActiveCfg = Ad-Hoc|iPhone
		{E5EBE1AF-1ED6-4EB4-B726-4C4B8BE0BDEC}.Ad-Hoc|x86.Build.0 = Ad-Hoc|iPhone
		{E5EBE1AF-1ED6-4EB4-B726-4C4B8BE0BDEC}.Ad-Hoc|x86.Deploy.0 = Ad-Hoc|iPhone
		{E5EBE1AF-1ED6-4EB4-B726-4C4B8BE0BDEC}.AppStore|Any CPU.ActiveCfg = AppStore|iPhone
		{E5EBE1AF-1ED6-4EB4-B726-4C4B8BE0BDEC}.AppStore|Any CPU.Build.0 = AppStore|iPhone
		{E5EBE1AF-1ED6-4EB4-B726-4C4B8BE0BDEC}.AppStore|Any CPU.Deploy.0 = AppStore|iPhone
		{E5EBE1AF-1ED6-4EB4-B726-4C4B8BE0BDEC}.AppStore|ARM.ActiveCfg = AppStore|iPhone
		{E5EBE1AF-1ED6-4EB4-B726-4C4B8BE0BDEC}.AppStore|ARM.Build.0 = AppStore|iPhone
		{E5EBE1AF-1ED6-4EB4-B726-4C4B8BE0BDEC}.AppStore|ARM.Deploy.0 = AppStore|iPhone
		{E5EBE1AF-1ED6-4EB4-B726-4C4B8BE0BDEC}.AppStore|iPhone.ActiveCfg = AppStore|iPhone
		{E5EBE1AF-1ED6-4EB4-B726-4C4B8BE0BDEC}.AppStore|iPhone.Build.0 = AppStore|iPhone
		{E5EBE1AF-1ED6-4EB4-B726-4C4B8BE0BDEC}.AppStore|iPhone.Deploy.0 = AppStore|iPhone
		{E5EBE1AF-1ED6-4EB4-B726-4C4B8BE0BDEC}.AppStore|iPhoneSimulator.ActiveCfg = AppStore|iPhoneSimulator
		{E5EBE1AF-1ED6-4EB4-B726-4C4B8BE0BDEC}.AppStore|iPhoneSimulator.Build.0 = AppStore|iPhoneSimulator
		{E5EBE1AF-1ED6-4EB4-B726-4C4B8BE0BDEC}.AppStore|iPhoneSimulator.Deploy.0 = AppStore|iPhoneSimulator
		{E5EBE1AF-1ED6-4EB4-B726-4C4B8BE0BDEC}.AppStore|x64.ActiveCfg = AppStore|iPhone
		{E5EBE1AF-1ED6-4EB4-B726-4C4B8BE0BDEC}.AppStore|x64.Build.0 = AppStore|iPhone
		{E5EBE1AF-1ED6-4EB4-B726-4C4B8BE0BDEC}.AppStore|x64.Deploy.0 = AppStore|iPhone
		{E5EBE1AF-1ED6-4EB4-B726-4C4B8BE0BDEC}.AppStore|x86.ActiveCfg = AppStore|iPhone
		{E5EBE1AF-1ED6-4EB4-B726-4C4B8BE0BDEC}.AppStore|x86.Build.0 = AppStore|iPhone
		{E5EBE1AF-1ED6-4EB4-B726-4C4B8BE0BDEC}.AppStore|x86.Deploy.0 = AppStore|iPhone
		{E5EBE1AF-1ED6-4EB4-B726-4C4B8BE0BDEC}.Debug|Any CPU.ActiveCfg = Debug|iPhone
		{E5EBE1AF-1ED6-4EB4-B726-4C4B8BE0BDEC}.Debug|Any CPU.Build.0 = Debug|iPhone
		{E5EBE1AF-1ED6-4EB4-B726-4C4B8BE0BDEC}.Debug|Any CPU.Deploy.0 = Debug|iPhone
		{E5EBE1AF-1ED6-4EB4-B726-4C4B8BE0BDEC}.Debug|ARM.ActiveCfg = Debug|iPhone
		{E5EBE1AF-1ED6-4EB4-B726-4C4B8BE0BDEC}.Debug|ARM.Build.0 = Debug|iPhone
		{E5EBE1AF-1ED6-4EB4-B726-4C4B8BE0BDEC}.Debug|ARM.Deploy.0 = Debug|iPhone
		{E5EBE1AF-1ED6-4EB4-B726-4C4B8BE0BDEC}.Debug|iPhone.ActiveCfg = Debug|iPhone
		{E5EBE1AF-1ED6-4EB4-B726-4C4B8BE0BDEC}.Debug|iPhone.Build.0 = Debug|iPhone
		{E5EBE1AF-1ED6-4EB4-B726-4C4B8BE0BDEC}.Debug|iPhone.Deploy.0 = Debug|iPhone
		{E5EBE1AF-1ED6-4EB4-B726-4C4B8BE0BDEC}.Debug|iPhoneSimulator.ActiveCfg = Debug|iPhoneSimulator
		{E5EBE1AF-1ED6-4EB4-B726-4C4B8BE0BDEC}.Debug|iPhoneSimulator.Build.0 = Debug|iPhoneSimulator
		{E5EBE1AF-1ED6-4EB4-B726-4C4B8BE0BDEC}.Debug|iPhoneSimulator.Deploy.0 = Debug|iPhoneSimulator
		{E5EBE1AF-1ED6-4EB4-B726-4C4B8BE0BDEC}.Debug|x64.ActiveCfg = Debug|iPhone
		{E5EBE1AF-1ED6-4EB4-B726-4C4B8BE0BDEC}.Debug|x64.Build.0 = Debug|iPhone
		{E5EBE1AF-1ED6-4EB4-B726-4C4B8BE0BDEC}.Debug|x64.Deploy.0 = Debug|iPhone
		{E5EBE1AF-1ED6-4EB4-B726-4C4B8BE0BDEC}.Debug|x86.ActiveCfg = Debug|iPhone
		{E5EBE1AF-1ED6-4EB4-B726-4C4B8BE0BDEC}.Debug|x86.Build.0 = Debug|iPhone
		{E5EBE1AF-1ED6-4EB4-B726-4C4B8BE0BDEC}.Debug|x86.Deploy.0 = Debug|iPhone
		{E5EBE1AF-1ED6-4EB4-B726-4C4B8BE0BDEC}.Release|Any CPU.ActiveCfg = Release|iPhone
		{E5EBE1AF-1ED6-4EB4-B726-4C4B8BE0BDEC}.Release|Any CPU.Build.0 = Release|iPhone
		{E5EBE1AF-1ED6-4EB4-B726-4C4B8BE0BDEC}.Release|Any CPU.Deploy.0 = Release|iPhone
		{E5EBE1AF-1ED6-4EB4-B726-4C4B8BE0BDEC}.Release|ARM.ActiveCfg = Release|iPhone
		{E5EBE1AF-1ED6-4EB4-B726-4C4B8BE0BDEC}.Release|ARM.Build.0 = Release|iPhone
		{E5EBE1AF-1ED6-4EB4-B726-4C4B8BE0BDEC}.Release|ARM.Deploy.0 = Release|iPhone
		{E5EBE1AF-1ED6-4EB4-B726-4C4B8BE0BDEC}.Release|iPhone.ActiveCfg = Release|iPhone
		{E5EBE1AF-1ED6-4EB4-B726-4C4B8BE0BDEC}.Release|iPhone.Build.0 = Release|iPhone
		{E5EBE1AF-1ED6-4EB4-B726-4C4B8BE0BDEC}.Release|iPhone.Deploy.0 = Release|iPhone
		{E5EBE1AF-1ED6-4EB4-B726-4C4B8BE0BDEC}.Release|iPhoneSimulator.ActiveCfg = Release|iPhoneSimulator
		{E5EBE1AF-1ED6-4EB4-B726-4C4B8BE0BDEC}.Release|iPhoneSimulator.Build.0 = Release|iPhoneSimulator
		{E5EBE1AF-1ED6-4EB4-B726-4C4B8BE0BDEC}.Release|iPhoneSimulator.Deploy.0 = Release|iPhoneSimulator
		{E5EBE1AF-1ED6-4EB4-B726-4C4B8BE0BDEC}.Release|x64.ActiveCfg = Release|iPhone
		{E5EBE1AF-1ED6-4EB4-B726-4C4B8BE0BDEC}.Release|x64.Build.0 = Release|iPhone
		{E5EBE1AF-1ED6-4EB4-B726-4C4B8BE0BDEC}.Release|x64.Deploy.0 = Release|iPhone
		{E5EBE1AF-1ED6-4EB4-B726-4C4B8BE0BDEC}.Release|x86.ActiveCfg = Release|iPhone
		{E5EBE1AF-1ED6-4EB4-B726-4C4B8BE0BDEC}.Release|x86.Build.0 = Release|iPhone
		{E5EBE1AF-1ED6-4EB4-B726-4C4B8BE0BDEC}.Release|x86.Deploy.0 = Release|iPhone
		{240C9C20-B11F-49B0-8C51-DA215022E7E6}.Ad-Hoc|Any CPU.ActiveCfg = Release|x86
		{240C9C20-B11F-49B0-8C51-DA215022E7E6}.Ad-Hoc|Any CPU.Build.0 = Release|x86
		{240C9C20-B11F-49B0-8C51-DA215022E7E6}.Ad-Hoc|Any CPU.Deploy.0 = Release|x86
		{240C9C20-B11F-49B0-8C51-DA215022E7E6}.Ad-Hoc|ARM.ActiveCfg = Release|ARM
		{240C9C20-B11F-49B0-8C51-DA215022E7E6}.Ad-Hoc|ARM.Build.0 = Release|ARM
		{240C9C20-B11F-49B0-8C51-DA215022E7E6}.Ad-Hoc|ARM.Deploy.0 = Release|ARM
		{240C9C20-B11F-49B0-8C51-DA215022E7E6}.Ad-Hoc|iPhone.ActiveCfg = Release|x86
		{240C9C20-B11F-49B0-8C51-DA215022E7E6}.Ad-Hoc|iPhone.Build.0 = Release|x86
		{240C9C20-B11F-49B0-8C51-DA215022E7E6}.Ad-Hoc|iPhone.Deploy.0 = Release|x86
		{240C9C20-B11F-49B0-8C51-DA215022E7E6}.Ad-Hoc|iPhoneSimulator.ActiveCfg = Release|x86
		{240C9C20-B11F-49B0-8C51-DA215022E7E6}.Ad-Hoc|iPhoneSimulator.Build.0 = Release|x86
		{240C9C20-B11F-49B0-8C51-DA215022E7E6}.Ad-Hoc|iPhoneSimulator.Deploy.0 = Release|x86
		{240C9C20-B11F-49B0-8C51-DA215022E7E6}.Ad-Hoc|x64.ActiveCfg = Release|x64
		{240C9C20-B11F-49B0-8C51-DA215022E7E6}.Ad-Hoc|x64.Build.0 = Release|x64
		{240C9C20-B11F-49B0-8C51-DA215022E7E6}.Ad-Hoc|x64.Deploy.0 = Release|x64
		{240C9C20-B11F-49B0-8C51-DA215022E7E6}.Ad-Hoc|x86.ActiveCfg = Release|x86
		{240C9C20-B11F-49B0-8C51-DA215022E7E6}.Ad-Hoc|x86.Build.0 = Release|x86
		{240C9C20-B11F-49B0-8C51-DA215022E7E6}.Ad-Hoc|x86.Deploy.0 = Release|x86
		{240C9C20-B11F-49B0-8C51-DA215022E7E6}.AppStore|Any CPU.ActiveCfg = Release|x86
		{240C9C20-B11F-49B0-8C51-DA215022E7E6}.AppStore|Any CPU.Build.0 = Release|x86
		{240C9C20-B11F-49B0-8C51-DA215022E7E6}.AppStore|Any CPU.Deploy.0 = Release|x86
		{240C9C20-B11F-49B0-8C51-DA215022E7E6}.AppStore|ARM.ActiveCfg = Release|ARM
		{240C9C20-B11F-49B0-8C51-DA215022E7E6}.AppStore|ARM.Build.0 = Release|ARM
		{240C9C20-B11F-49B0-8C51-DA215022E7E6}.AppStore|ARM.Deploy.0 = Release|ARM
		{240C9C20-B11F-49B0-8C51-DA215022E7E6}.AppStore|iPhone.ActiveCfg = Release|x86
		{240C9C20-B11F-49B0-8C51-DA215022E7E6}.AppStore|iPhone.Build.0 = Release|x86
		{240C9C20-B11F-49B0-8C51-DA215022E7E6}.AppStore|iPhone.Deploy.0 = Release|x86
		{240C9C20-B11F-49B0-8C51-DA215022E7E6}.AppStore|iPhoneSimulator.ActiveCfg = Release|x86
		{240C9C20-B11F-49B0-8C51-DA215022E7E6}.AppStore|iPhoneSimulator.Build.0 = Release|x86
		{240C9C20-B11F-49B0-8C51-DA215022E7E6}.AppStore|iPhoneSimulator.Deploy.0 = Release|x86
		{240C9C20-B11F-49B0-8C51-DA215022E7E6}.AppStore|x64.ActiveCfg = Release|x64
		{240C9C20-B11F-49B0-8C51-DA215022E7E6}.AppStore|x64.Build.0 = Release|x64
		{240C9C20-B11F-49B0-8C51-DA215022E7E6}.AppStore|x64.Deploy.0 = Release|x64
		{240C9C20-B11F-49B0-8C51-DA215022E7E6}.AppStore|x86.ActiveCfg = Release|x86
		{240C9C20-B11F-49B0-8C51-DA215022E7E6}.AppStore|x86.Build.0 = Release|x86
		{240C9C20-B11F-49B0-8C51-DA215022E7E6}.AppStore|x86.Deploy.0 = Release|x86
		{240C9C20-B11F-49B0-8C51-DA215022E7E6}.Debug|Any CPU.ActiveCfg = Debug|x86
		{240C9C20-B11F-49B0-8C51-DA215022E7E6}.Debug|Any CPU.Build.0 = Debug|x86
		{240C9C20-B11F-49B0-8C51-DA215022E7E6}.Debug|Any CPU.Deploy.0 = Debug|x86
		{240C9C20-B11F-49B0-8C51-DA215022E7E6}.Debug|ARM.ActiveCfg = Debug|ARM
		{240C9C20-B11F-49B0-8C51-DA215022E7E6}.Debug|ARM.Build.0 = Debug|ARM
		{240C9C20-B11F-49B0-8C51-DA215022E7E6}.Debug|ARM.Deploy.0 = Debug|ARM
		{240C9C20-B11F-49B0-8C51-DA215022E7E6}.Debug|iPhone.ActiveCfg = Debug|x86
		{240C9C20-B11F-49B0-8C51-DA215022E7E6}.Debug|iPhone.Build.0 = Debug|x86
		{240C9C20-B11F-49B0-8C51-DA215022E7E6}.Debug|iPhone.Deploy.0 = Debug|x86
		{240C9C20-B11F-49B0-8C51-DA215022E7E6}.Debug|iPhoneSimulator.ActiveCfg = Debug|x86
		{240C9C20-B11F-49B0-8C51-DA215022E7E6}.Debug|iPhoneSimulator.Build.0 = Debug|x86
		{240C9C20-B11F-49B0-8C51-DA215022E7E6}.Debug|iPhoneSimulator.Deploy.0 = Debug|x86
		{240C9C20-B11F-49B0-8C51-DA215022E7E6}.Debug|x64.ActiveCfg = Debug|x64
		{240C9C20-B11F-49B0-8C51-DA215022E7E6}.Debug|x64.Build.0 = Debug|x64
		{240C9C20-B11F-49B0-8C51-DA215022E7E6}.Debug|x64.Deploy.0 = Debug|x64
		{240C9C20-B11F-49B0-8C51-DA215022E7E6}.Debug|x86.ActiveCfg = Debug|x86
		{240C9C20-B11F-49B0-8C51-DA215022E7E6}.Debug|x86.Build.0 = Debug|x86
		{240C9C20-B11F-49B0-8C51-DA215022E7E6}.Debug|x86.Deploy.0 = Debug|x86
		{240C9C20-B11F-49B0-8C51-DA215022E7E6}.Release|Any CPU.ActiveCfg = Release|x86
		{240C9C20-B11F-49B0-8C51-DA215022E7E6}.Release|Any CPU.Build.0 = Release|x86
		{240C9C20-B11F-49B0-8C51-DA215022E7E6}.Release|Any CPU.Deploy.0 = Release|x86
		{240C9C20-B11F-49B0-8C51-DA215022E7E6}.Release|ARM.ActiveCfg = Release|ARM
		{240C9C20-B11F-49B0-8C51-DA215022E7E6}.Release|ARM.Build.0 = Release|ARM
		{240C9C20-B11F-49B0-8C51-DA215022E7E6}.Release|ARM.Deploy.0 = Release|ARM
		{240C9C20-B11F-49B0-8C51-DA215022E7E6}.Release|iPhone.ActiveCfg = Release|x86
		{240C9C20-B11F-49B0-8C51-DA215022E7E6}.Release|iPhone.Build.0 = Release|x86
		{240C9C20-B11F-49B0-8C51-DA215022E7E6}.Release|iPhone.Deploy.0 = Release|x86
		{240C9C20-B11F-49B0-8C51-DA215022E7E6}.Release|iPhoneSimulator.ActiveCfg = Release|x86
		{240C9C20-B11F-49B0-8C51-DA215022E7E6}.Release|iPhoneSimulator.Build.0 = Release|x86
		{240C9C20-B11F-49B0-8C51-DA215022E7E6}.Release|iPhoneSimulator.Deploy.0 = Release|x86
		{240C9C20-B11F-49B0-8C51-DA215022E7E6}.Release|x64.ActiveCfg = Release|x64
		{240C9C20-B11F-49B0-8C51-DA215022E7E6}.Release|x64.Build.0 = Release|x64
		{240C9C20-B11F-49B0-8C51-DA215022E7E6}.Release|x64.Deploy.0 = Release|x64
		{240C9C20-B11F-49B0-8C51-DA215022E7E6}.Release|x86.ActiveCfg = Release|x86
		{240C9C20-B11F-49B0-8C51-DA215022E7E6}.Release|x86.Build.0 = Release|x86
		{240C9C20-B11F-49B0-8C51-DA215022E7E6}.Release|x86.Deploy.0 = Release|x86
		{6D2EE858-5781-4E83-84EB-B29EBFBEDBE9}.Ad-Hoc|Any CPU.ActiveCfg = Debug|Any CPU
		{6D2EE858-5781-4E83-84EB-B29EBFBEDBE9}.Ad-Hoc|Any CPU.Build.0 = Debug|Any CPU
		{6D2EE858-5781-4E83-84EB-B29EBFBEDBE9}.Ad-Hoc|Any CPU.Deploy.0 = Debug|Any CPU
		{6D2EE858-5781-4E83-84EB-B29EBFBEDBE9}.Ad-Hoc|ARM.ActiveCfg = Debug|Any CPU
		{6D2EE858-5781-4E83-84EB-B29EBFBEDBE9}.Ad-Hoc|ARM.Build.0 = Debug|Any CPU
		{6D2EE858-5781-4E83-84EB-B29EBFBEDBE9}.Ad-Hoc|ARM.Deploy.0 = Debug|Any CPU
		{6D2EE858-5781-4E83-84EB-B29EBFBEDBE9}.Ad-Hoc|iPhone.ActiveCfg = Debug|Any CPU
		{6D2EE858-5781-4E83-84EB-B29EBFBEDBE9}.Ad-Hoc|iPhone.Build.0 = Debug|Any CPU
		{6D2EE858-5781-4E83-84EB-B29EBFBEDBE9}.Ad-Hoc|iPhone.Deploy.0 = Debug|Any CPU
		{6D2EE858-5781-4E83-84EB-B29EBFBEDBE9}.Ad-Hoc|iPhoneSimulator.ActiveCfg = Debug|Any CPU
		{6D2EE858-5781-4E83-84EB-B29EBFBEDBE9}.Ad-Hoc|iPhoneSimulator.Build.0 = Debug|Any CPU
		{6D2EE858-5781-4E83-84EB-B29EBFBEDBE9}.Ad-Hoc|iPhoneSimulator.Deploy.0 = Debug|Any CPU
		{6D2EE858-5781-4E83-84EB-B29EBFBEDBE9}.Ad-Hoc|x64.ActiveCfg = Debug|Any CPU
		{6D2EE858-5781-4E83-84EB-B29EBFBEDBE9}.Ad-Hoc|x64.Build.0 = Debug|Any CPU
		{6D2EE858-5781-4E83-84EB-B29EBFBEDBE9}.Ad-Hoc|x64.Deploy.0 = Debug|Any CPU
		{6D2EE858-5781-4E83-84EB-B29EBFBEDBE9}.Ad-Hoc|x86.ActiveCfg = Debug|Any CPU
		{6D2EE858-5781-4E83-84EB-B29EBFBEDBE9}.Ad-Hoc|x86.Build.0 = Debug|Any CPU
		{6D2EE858-5781-4E83-84EB-B29EBFBEDBE9}.Ad-Hoc|x86.Deploy.0 = Debug|Any CPU
		{6D2EE858-5781-4E83-84EB-B29EBFBEDBE9}.AppStore|Any CPU.ActiveCfg = Debug|Any CPU
		{6D2EE858-5781-4E83-84EB-B29EBFBEDBE9}.AppStore|Any CPU.Build.0 = Debug|Any CPU
		{6D2EE858-5781-4E83-84EB-B29EBFBEDBE9}.AppStore|Any CPU.Deploy.0 = Debug|Any CPU
		{6D2EE858-5781-4E83-84EB-B29EBFBEDBE9}.AppStore|ARM.ActiveCfg = Debug|Any CPU
		{6D2EE858-5781-4E83-84EB-B29EBFBEDBE9}.AppStore|ARM.Build.0 = Debug|Any CPU
		{6D2EE858-5781-4E83-84EB-B29EBFBEDBE9}.AppStore|ARM.Deploy.0 = Debug|Any CPU
		{6D2EE858-5781-4E83-84EB-B29EBFBEDBE9}.AppStore|iPhone.ActiveCfg = Debug|Any CPU
		{6D2EE858-5781-4E83-84EB-B29EBFBEDBE9}.AppStore|iPhone.Build.0 = Debug|Any CPU
		{6D2EE858-5781-4E83-84EB-B29EBFBEDBE9}.AppStore|iPhone.Deploy.0 = Debug|Any CPU
		{6D2EE858-5781-4E83-84EB-B29EBFBEDBE9}.AppStore|iPhoneSimulator.ActiveCfg = Debug|Any CPU
		{6D2EE858-5781-4E83-84EB-B29EBFBEDBE9}.AppStore|iPhoneSimulator.Build.0 = Debug|Any CPU
		{6D2EE858-5781-4E83-84EB-B29EBFBEDBE9}.AppStore|iPhoneSimulator.Deploy.0 = Debug|Any CPU
		{6D2EE858-5781-4E83-84EB-B29EBFBEDBE9}.AppStore|x64.ActiveCfg = Debug|Any CPU
		{6D2EE858-5781-4E83-84EB-B29EBFBEDBE9}.AppStore|x64.Build.0 = Debug|Any CPU
		{6D2EE858-5781-4E83-84EB-B29EBFBEDBE9}.AppStore|x64.Deploy.0 = Debug|Any CPU
		{6D2EE858-5781-4E83-84EB-B29EBFBEDBE9}.AppStore|x86.ActiveCfg = Debug|Any CPU
		{6D2EE858-5781-4E83-84EB-B29EBFBEDBE9}.AppStore|x86.Build.0 = Debug|Any CPU
		{6D2EE858-5781-4E83-84EB-B29EBFBEDBE9}.AppStore|x86.Deploy.0 = Debug|Any CPU
		{6D2EE858-5781-4E83-84EB-B29EBFBEDBE9}.Debug|Any CPU.ActiveCfg = Debug|Any CPU
		{6D2EE858-5781-4E83-84EB-B29EBFBEDBE9}.Debug|Any CPU.Build.0 = Debug|Any CPU
		{6D2EE858-5781-4E83-84EB-B29EBFBEDBE9}.Debug|Any CPU.Deploy.0 = Debug|Any CPU
		{6D2EE858-5781-4E83-84EB-B29EBFBEDBE9}.Debug|ARM.ActiveCfg = Debug|Any CPU
		{6D2EE858-5781-4E83-84EB-B29EBFBEDBE9}.Debug|ARM.Build.0 = Debug|Any CPU
		{6D2EE858-5781-4E83-84EB-B29EBFBEDBE9}.Debug|ARM.Deploy.0 = Debug|Any CPU
		{6D2EE858-5781-4E83-84EB-B29EBFBEDBE9}.Debug|iPhone.ActiveCfg = Debug|Any CPU
		{6D2EE858-5781-4E83-84EB-B29EBFBEDBE9}.Debug|iPhone.Build.0 = Debug|Any CPU
		{6D2EE858-5781-4E83-84EB-B29EBFBEDBE9}.Debug|iPhone.Deploy.0 = Debug|Any CPU
		{6D2EE858-5781-4E83-84EB-B29EBFBEDBE9}.Debug|iPhoneSimulator.ActiveCfg = Debug|Any CPU
		{6D2EE858-5781-4E83-84EB-B29EBFBEDBE9}.Debug|iPhoneSimulator.Build.0 = Debug|Any CPU
		{6D2EE858-5781-4E83-84EB-B29EBFBEDBE9}.Debug|iPhoneSimulator.Deploy.0 = Debug|Any CPU
		{6D2EE858-5781-4E83-84EB-B29EBFBEDBE9}.Debug|x64.ActiveCfg = Debug|Any CPU
		{6D2EE858-5781-4E83-84EB-B29EBFBEDBE9}.Debug|x64.Build.0 = Debug|Any CPU
		{6D2EE858-5781-4E83-84EB-B29EBFBEDBE9}.Debug|x64.Deploy.0 = Debug|Any CPU
		{6D2EE858-5781-4E83-84EB-B29EBFBEDBE9}.Debug|x86.ActiveCfg = Debug|Any CPU
		{6D2EE858-5781-4E83-84EB-B29EBFBEDBE9}.Debug|x86.Build.0 = Debug|Any CPU
		{6D2EE858-5781-4E83-84EB-B29EBFBEDBE9}.Debug|x86.Deploy.0 = Debug|Any CPU
		{6D2EE858-5781-4E83-84EB-B29EBFBEDBE9}.Release|Any CPU.ActiveCfg = Release|Any CPU
		{6D2EE858-5781-4E83-84EB-B29EBFBEDBE9}.Release|Any CPU.Build.0 = Release|Any CPU
		{6D2EE858-5781-4E83-84EB-B29EBFBEDBE9}.Release|Any CPU.Deploy.0 = Release|Any CPU
		{6D2EE858-5781-4E83-84EB-B29EBFBEDBE9}.Release|ARM.ActiveCfg = Release|Any CPU
		{6D2EE858-5781-4E83-84EB-B29EBFBEDBE9}.Release|ARM.Build.0 = Release|Any CPU
		{6D2EE858-5781-4E83-84EB-B29EBFBEDBE9}.Release|ARM.Deploy.0 = Release|Any CPU
		{6D2EE858-5781-4E83-84EB-B29EBFBEDBE9}.Release|iPhone.ActiveCfg = Release|Any CPU
		{6D2EE858-5781-4E83-84EB-B29EBFBEDBE9}.Release|iPhone.Build.0 = Release|Any CPU
		{6D2EE858-5781-4E83-84EB-B29EBFBEDBE9}.Release|iPhone.Deploy.0 = Release|Any CPU
		{6D2EE858-5781-4E83-84EB-B29EBFBEDBE9}.Release|iPhoneSimulator.ActiveCfg = Release|Any CPU
		{6D2EE858-5781-4E83-84EB-B29EBFBEDBE9}.Release|iPhoneSimulator.Build.0 = Release|Any CPU
		{6D2EE858-5781-4E83-84EB-B29EBFBEDBE9}.Release|iPhoneSimulator.Deploy.0 = Release|Any CPU
		{6D2EE858-5781-4E83-84EB-B29EBFBEDBE9}.Release|x64.ActiveCfg = Release|Any CPU
		{6D2EE858-5781-4E83-84EB-B29EBFBEDBE9}.Release|x64.Build.0 = Release|Any CPU
		{6D2EE858-5781-4E83-84EB-B29EBFBEDBE9}.Release|x64.Deploy.0 = Release|Any CPU
		{6D2EE858-5781-4E83-84EB-B29EBFBEDBE9}.Release|x86.ActiveCfg = Release|Any CPU
		{6D2EE858-5781-4E83-84EB-B29EBFBEDBE9}.Release|x86.Build.0 = Release|Any CPU
		{6D2EE858-5781-4E83-84EB-B29EBFBEDBE9}.Release|x86.Deploy.0 = Release|Any CPU
	EndGlobalSection
	GlobalSection(SolutionProperties) = preSolution
		HideSolutionNode = FALSE
	EndGlobalSection
	GlobalSection(ExtensibilityGlobals) = postSolution
		SolutionGuid = {957BE3BE-F1DF-436A-A8EA-ED2703C9CB33}
	EndGlobalSection
EndGlobal
